schema: '2.0'
stages:
  data_ingestion:
    cmd: python -m src.components.data_ingestion
    deps:
    - path: src/components/data_ingestion.py
      hash: md5
      md5: 2c4c2bf351873c4036c489cd91a40d7a
      size: 2763
    - path: src/utils/config.py
      hash: md5
      md5: 6e45c59c39313a51d5a80abd49e96a76
      size: 2988
    - path: src/utils/data_fetcher.py
      hash: md5
      md5: 2b392098229f91ffc904b36527baf8af
      size: 2622
    - path: src/utils/data_saver.py
      hash: md5
      md5: dbadafa127d7687a16496de758b49dd9
      size: 5072
    - path: src/utils/data_splitter.py
      hash: md5
      md5: 598a48b4c21fcf53b312fdfb2afee69a
      size: 3676
    - path: src/utils/logger.py
      hash: md5
      md5: cc824e830eef87204933be27f7bd3010
      size: 994
    params:
      params.yaml:
        data_split.mode: random
        data_split.random_state: 42
        data_split.test_size: 0.15
        data_split.time_series_splits: 5
        data_split.val_size: 0.15
    outs:
    - path: data/interim/X_test.csv
      hash: md5
      md5: 1082eed5df38a9a9dbcf241a5775a188
      size: 91281
    - path: data/interim/X_train.csv
      hash: md5
      md5: a343b52378c1d0b3bfa9cbf16ae9dfbe
      size: 424956
    - path: data/interim/X_val.csv
      hash: md5
      md5: db47823403c339509cdbd1f6dffe81f0
      size: 91171
    - path: data/interim/y_test.csv
      hash: md5
      md5: 850dc7d95a3112ba327a6133bc6af69e
      size: 5421
    - path: data/interim/y_train.csv
      hash: md5
      md5: 6844248492cffb624ccfc08abc98ac59
      size: 25147
    - path: data/interim/y_val.csv
      hash: md5
      md5: 9b1a60012be2e5d5a0364d7d6c26d7e3
      size: 5401
    - path: data/raw/bike_sharing_data.csv
      hash: md5
      md5: bf632307dcb419f67df589faaa0318e1
      size: 604166
  data_validation:
    cmd: python -m src.components.data_validation
    deps:
    - path: data/raw/bike_sharing_data.csv
      hash: md5
      md5: bf632307dcb419f67df589faaa0318e1
      size: 604166
    - path: src/components/data_validation.py
      hash: md5
      md5: 3458cc0be63621ddb2d6f9232c9ea5a4
      size: 2349
    - path: src/utils/config.py
      hash: md5
      md5: 6e45c59c39313a51d5a80abd49e96a76
      size: 2988
    - path: src/utils/data_loader.py
      hash: md5
      md5: 8b762833fc1d499a6403a9c32afb4e07
      size: 1453
    - path: src/utils/logger.py
      hash: md5
      md5: cc824e830eef87204933be27f7bd3010
      size: 994
  data_preprocessing:
    cmd: python -m src.components.data_preprocessing
    deps:
    - path: data/interim/X_test.csv
      hash: md5
      md5: 1082eed5df38a9a9dbcf241a5775a188
      size: 91281
    - path: data/interim/X_train.csv
      hash: md5
      md5: a343b52378c1d0b3bfa9cbf16ae9dfbe
      size: 424956
    - path: data/interim/X_val.csv
      hash: md5
      md5: db47823403c339509cdbd1f6dffe81f0
      size: 91171
    - path: data/interim/y_test.csv
      hash: md5
      md5: 850dc7d95a3112ba327a6133bc6af69e
      size: 5421
    - path: data/interim/y_train.csv
      hash: md5
      md5: 6844248492cffb624ccfc08abc98ac59
      size: 25147
    - path: data/interim/y_val.csv
      hash: md5
      md5: 9b1a60012be2e5d5a0364d7d6c26d7e3
      size: 5401
    - path: src/components/data_preprocessing.py
      hash: md5
      md5: ceeffc988f6b5a9338fbafb34cf60a88
      size: 5823
    - path: src/components/feature_cleaning.py
      hash: md5
      md5: f53a940cf09792455dfa231bd659a346
      size: 3060
    - path: src/components/feature_engineering.py
      hash: md5
      md5: dcfcff0f3e1f07d2de2f2e0c6d7ce680
      size: 4956
    - path: src/components/feature_scaling.py
      hash: md5
      md5: 05982762656f869f5945fd4b0527d107
      size: 3734
    - path: src/utils/config.py
      hash: md5
      md5: 6e45c59c39313a51d5a80abd49e96a76
      size: 2988
    - path: src/utils/data_loader.py
      hash: md5
      md5: 8b762833fc1d499a6403a9c32afb4e07
      size: 1453
    - path: src/utils/data_saver.py
      hash: md5
      md5: dbadafa127d7687a16496de758b49dd9
      size: 5072
    - path: src/utils/logger.py
      hash: md5
      md5: cc824e830eef87204933be27f7bd3010
      size: 994
    params:
      params.yaml:
        feature_engineering:
          run_vif: false
    outs:
    - path: artifacts/pipelines/data_preprocessing_pipeline.pkl
      hash: md5
      md5: 9c834a977a61822646f825164b3bb0f6
      size: 2375
    - path: data/processed/X_test_processed.csv
      hash: md5
      md5: 1cf05941527f3780306f1cc8afa8a717
      size: 464289
    - path: data/processed/X_train_processed.csv
      hash: md5
      md5: e51018614bce3f00ad7dfcffbcb4dccc
      size: 2165370
    - path: data/processed/X_val_processed.csv
      hash: md5
      md5: 49e796aed6bbe99fc6578424ef2cb965
      size: 464603
    - path: data/processed/y_test_transformed.csv
      hash: md5
      md5: e53c9646a7d75d4df1bf091c37fa5b82
      size: 23168
    - path: data/processed/y_train_transformed.csv
      hash: md5
      md5: 32b2975e7b0a5f9e6c68d808d674aa83
      size: 107654
    - path: data/processed/y_val_transformed.csv
      hash: md5
      md5: 493c21d3d3a0fddab8da1ced20b00600
      size: 23023
  model_training:
    cmd: python src/components/model_training.py
    deps:
    - path: data/processed/X_train_processed.csv
      hash: md5
      md5: e2dc8961d04b8e199dd2757543dbfab6
      size: 2174177
    - path: data/processed/X_val_processed.csv
      hash: md5
      md5: 1436d3f120d48e87dbaede3495949043
      size: 466498
    - path: data/processed/y_train_transformed.csv
      hash: md5
      md5: 76dff986dcc55e72cdf5e0c42e7c801f
      size: 113796
    - path: data/processed/y_val_transformed.csv
      hash: md5
      md5: 765ed8f433b731d20877025271ab590e
      size: 24343
    - path: src/components/model_training.py
      hash: md5
      md5: 5b07a02d6896a6e8c455cf149b367cbb
      size: 9217
    - path: src/utils/config.py
      hash: md5
      md5: 6e45c59c39313a51d5a80abd49e96a76
      size: 2988
    - path: src/utils/data_loader.py
      hash: md5
      md5: dfa9e709a44f6660779e5c3d7f84c1a5
      size: 1498
    - path: src/utils/logger.py
      hash: md5
      md5: 586e3ed3f38f17290434456dcb9a99dc
      size: 1032
    params:
      params.yaml:
        model_training:
          lgbm:
            n_estimators:
            - 100
            - 300
            - 500
            learning_rate:
            - 0.1
            - 1.0
            num_leaves:
            - 20
            - 31
            - 40
          xgb:
            n_estimators:
            - 100
            - 300
            - 500
            learning_rate:
            - 0.1
            - 1.0
            max_depth:
            - 3
            - 5
            - 7
    outs:
    - path: artifacts/models
      hash: md5
      md5: 9c0ed332051ea3caff676a515fa58b1d.dir
      size: 1870816
      nfiles: 1
  model_evaluation:
    cmd: python src/components/model_evaluation.py
    deps:
    - path: artifacts/models
      hash: md5
      md5: 9c0ed332051ea3caff676a515fa58b1d.dir
      size: 1870816
      nfiles: 1
    - path: data/processed/X_test_processed.csv
      hash: md5
      md5: c5b7c0d129ecf1f8e9578098f4a63a58
      size: 466185
    - path: data/processed/y_test_transformed.csv
      hash: md5
      md5: 9a0b67b9fef5080fe8905f3c9cedfcea
      size: 24480
    - path: src/components/model_evaluation.py
      hash: md5
      md5: 6ef9f9db4d90608c3d3ae52ed6eb0641
      size: 5035
    - path: src/utils/config.py
      hash: md5
      md5: 6e45c59c39313a51d5a80abd49e96a76
      size: 2988
    - path: src/utils/data_loader.py
      hash: md5
      md5: dfa9e709a44f6660779e5c3d7f84c1a5
      size: 1498
    - path: src/utils/logger.py
      hash: md5
      md5: 586e3ed3f38f17290434456dcb9a99dc
      size: 1032
    outs:
    - path: artifacts/evaluation/actual_vs_predicted.png
      hash: md5
      md5: 953b90677fd6a23552ac7ca36e12f0a6
      size: 40594
    - path: artifacts/evaluation/evaluation_table.txt
      hash: md5
      md5: 78739d810dfb642deb53935b80509755
      size: 349
    - path: artifacts/evaluation/residuals_plot.png
      hash: md5
      md5: aeb2debdad6eed7acca1cae449171bee
      size: 21684
